<Solution>
  <Project Path="Aufgabe_01_Array/Aufgabe_01_Array.csproj" />
  <Project Path="Aufgabe_02_TV/Aufgabe_02_TV.csproj" />
  <Project Path="Aufgabe_03_Konstruktoren/Aufgabe_03_Konstruktoren.csproj" />
  <Project Path="Aufgabe_04_Static_Member/Aufgabe_04_Static_Member.csproj" />
  <Project Path="Aufgabe_06_Gesamt/Aufgabe_06_Gesamt.csproj" />
  <Project Path="Aufgabe_08_Beziehungen_Part1/Aufgabe_08_Beziehungen_Part1.csproj" />
  <Project Path="Aufgabe_09_Beziehungen_Part2/Aufgabe_09_Beziehungen_Part2.csproj" />
  <Project Path="Controller/Controller.csproj" />
</Solution>
