<Solution>
  ...
  <Project Path="21_ExtensionMethods/ExtensionMethodsApp/ExtensionMethodsApp.csproj" />
  <Project Path="21_ExtensionMethods/ExtensionMethods.Tests/ExtensionMethods.Tests.csproj" />
  
  <Project Path="22_LINQ_Filtering/LinqFilteringApp/LinqFilteringApp.csproj" />
  <Project Path="22_LINQ_Filtering/LinqFiltering.Tests/LinqFiltering.Tests.csproj" />
  ...
</Solution>
